
Microsoft Visual Studio Solution File, Format Version 12.00
# Visual Studio Version 17
VisualStudioVersion = 17.10.35201.131
MinimumVisualStudioVersion = 10.0.40219.1
Project("{9A19103F-16F7-4668-BE54-9A1E7A4F7556}") = "TCPLinker", "TCPLinker\TCPLinker.csproj", "{75A430B1-AA04-454E-A644-061CCE366327}"
EndProject
Project("{9A19103F-16F7-4668-BE54-9A1E7A4F7556}") = "TCPLinker.Models", "TCPLinker.Models\TCPLinker.Models.csproj", "{F74B804F-148B-42DE-89A1-9C49BF6E74B5}"
EndProject
Project("{54435603-DBB4-11D2-8724-00A0C9A8B90C}") = "Setup1", "Setup1\Setup1.vdproj", "{AD156F03-B965-4CC4-BB2C-28DE7B0263DB}"
EndProject
Global
	GlobalSection(SolutionConfigurationPlatforms) = preSolution
		Debug|Any CPU = Debug|Any CPU
		Release|Any CPU = Release|Any CPU
	EndGlobalSection
	GlobalSection(ProjectConfigurationPlatforms) = postSolution
		{75A430B1-AA04-454E-A644-061CCE366327}.Debug|Any CPU.ActiveCfg = Debug|Any CPU
		{75A430B1-AA04-454E-A644-061CCE366327}.Debug|Any CPU.Build.0 = Debug|Any CPU
		{75A430B1-AA04-454E-A644-061CCE366327}.Release|Any CPU.ActiveCfg = Release|Any CPU
		{75A430B1-AA04-454E-A644-061CCE366327}.Release|Any CPU.Build.0 = Release|Any CPU
		{F74B804F-148B-42DE-89A1-9C49BF6E74B5}.Debug|Any CPU.ActiveCfg = Debug|Any CPU
		{F74B804F-148B-42DE-89A1-9C49BF6E74B5}.Debug|Any CPU.Build.0 = Debug|Any CPU
		{F74B804F-148B-42DE-89A1-9C49BF6E74B5}.Release|Any CPU.ActiveCfg = Release|Any CPU
		{F74B804F-148B-42DE-89A1-9C49BF6E74B5}.Release|Any CPU.Build.0 = Release|Any CPU
		{AD156F03-B965-4CC4-BB2C-28DE7B0263DB}.Debug|Any CPU.ActiveCfg = Debug
		{AD156F03-B965-4CC4-BB2C-28DE7B0263DB}.Release|Any CPU.ActiveCfg = Release
	EndGlobalSection
	GlobalSection(SolutionProperties) = preSolution
		HideSolutionNode = FALSE
	EndGlobalSection
	GlobalSection(ExtensibilityGlobals) = postSolution
		SolutionGuid = {6255B320-4802-4713-802E-A537BD3F29EA}
	EndGlobalSection
EndGlobal
